// !$*UTF8*$!
{
	archiveVersion = 1;
	classes = {
	};
	objectVersion = 51;
	objects = {

/* Begin PBXBuildFile section */
		122ACB50242F9A560073CE58 /* GameStart.storyboard in Resources */ = {isa = PBXBuildFile; fileRef = 122ACB4F242F9A560073CE58 /* GameStart.storyboard */; };
		122ACB52242F9B1F0073CE58 /* GameStartViewController.swift in Sources */ = {isa = PBXBuildFile; fileRef = 122ACB51242F9B1F0073CE58 /* GameStartViewController.swift */; };
		122ACB54242F9D270073CE58 /* SetupPlayersViewController.swift in Sources */ = {isa = PBXBuildFile; fileRef = 122ACB53242F9D270073CE58 /* SetupPlayersViewController.swift */; };
		1298B500242D9E28000721A4 /* Cards.json in Resources */ = {isa = PBXBuildFile; fileRef = 1298B4FF242D9E28000721A4 /* Cards.json */; };
		1298B503242EE14A000721A4 /* Cards.swift in Sources */ = {isa = PBXBuildFile; fileRef = 1298B502242EE14A000721A4 /* Cards.swift */; };
		1298B505242EE20A000721A4 /* CardsModel.swift in Sources */ = {isa = PBXBuildFile; fileRef = 1298B504242EE20A000721A4 /* CardsModel.swift */; };
		1298B508242EE4EF000721A4 /* InAndOutContainer.swift in Sources */ = {isa = PBXBuildFile; fileRef = 1298B507242EE4EF000721A4 /* InAndOutContainer.swift */; };
		1298B50B242EE658000721A4 /* ObservableValue.swift in Sources */ = {isa = PBXBuildFile; fileRef = 1298B50A242EE658000721A4 /* ObservableValue.swift */; };
		1298B50F242EE7DC000721A4 /* ObservableValueTests.swift in Sources */ = {isa = PBXBuildFile; fileRef = 1298B50E242EE7DC000721A4 /* ObservableValueTests.swift */; };
		1298B512242EEC7C000721A4 /* CardsViewModel.swift in Sources */ = {isa = PBXBuildFile; fileRef = 1298B511242EEC7C000721A4 /* CardsViewModel.swift */; };
		1298B517242EF297000721A4 /* CardCell.swift in Sources */ = {isa = PBXBuildFile; fileRef = 1298B516242EF297000721A4 /* CardCell.swift */; };
		12A551BC242FC42000E0A697 /* PlayerCell.swift in Sources */ = {isa = PBXBuildFile; fileRef = 12A551BB242FC42000E0A697 /* PlayerCell.swift */; };
		12A551BF242FDE6000E0A697 /* EditPlayerViewController.swift in Sources */ = {isa = PBXBuildFile; fileRef = 12A551BD242FDE6000E0A697 /* EditPlayerViewController.swift */; };
		12A551C0242FDE6100E0A697 /* EditPlayer.xib in Resources */ = {isa = PBXBuildFile; fileRef = 12A551BE242FDE6000E0A697 /* EditPlayer.xib */; };
		12A551C2242FE0F500E0A697 /* PlayerViewModel.swift in Sources */ = {isa = PBXBuildFile; fileRef = 12A551C1242FE0F500E0A697 /* PlayerViewModel.swift */; };
		12A551C7242FE4D000E0A697 /* PlayerViewModelTests.swift in Sources */ = {isa = PBXBuildFile; fileRef = 12A551C6242FE4D000E0A697 /* PlayerViewModelTests.swift */; };
		12A717C22427E891000936AC /* AppDelegate.swift in Sources */ = {isa = PBXBuildFile; fileRef = 12A717C12427E891000936AC /* AppDelegate.swift */; };
		12A717C42427E891000936AC /* SceneDelegate.swift in Sources */ = {isa = PBXBuildFile; fileRef = 12A717C32427E891000936AC /* SceneDelegate.swift */; };
		12A717C62427E891000936AC /* CardsViewController.swift in Sources */ = {isa = PBXBuildFile; fileRef = 12A717C52427E891000936AC /* CardsViewController.swift */; };
		12A717C92427E891000936AC /* CardsBoard.storyboard in Resources */ = {isa = PBXBuildFile; fileRef = 12A717C72427E891000936AC /* CardsBoard.storyboard */; };
		12A717CB2427E892000936AC /* Assets.xcassets in Resources */ = {isa = PBXBuildFile; fileRef = 12A717CA2427E892000936AC /* Assets.xcassets */; };
		12A717CE2427E892000936AC /* LaunchScreen.storyboard in Resources */ = {isa = PBXBuildFile; fileRef = 12A717CC2427E892000936AC /* LaunchScreen.storyboard */; };
		12A717D92427E892000936AC /* InOrOutTests.swift in Sources */ = {isa = PBXBuildFile; fileRef = 12A717D82427E892000936AC /* InOrOutTests.swift */; };
		12A717E42427E892000936AC /* InOrOutUITests.swift in Sources */ = {isa = PBXBuildFile; fileRef = 12A717E32427E892000936AC /* InOrOutUITests.swift */; };
		12C23236242FA00800443A17 /* SetupPlayersViewModel.swift in Sources */ = {isa = PBXBuildFile; fileRef = 12C23235242FA00800443A17 /* SetupPlayersViewModel.swift */; };
		12C2323A242FAAF900443A17 /* Player.swift in Sources */ = {isa = PBXBuildFile; fileRef = 12C23239242FAAF900443A17 /* Player.swift */; };
		12C2323D242FAD6D00443A17 /* RxUtilities.swift in Sources */ = {isa = PBXBuildFile; fileRef = 12C2323C242FAD6D00443A17 /* RxUtilities.swift */; };
		12C23240242FB6B400443A17 /* SetupPlayersViewModelTests.swift in Sources */ = {isa = PBXBuildFile; fileRef = 12C2323F242FB6B400443A17 /* SetupPlayersViewModelTests.swift */; };
		7A4456CDD4C66E1B83C22A0C /* Pods_InOrOut_InOrOutTests.framework in Frameworks */ = {isa = PBXBuildFile; fileRef = A99D089DEBC9B5780728ABBC /* Pods_InOrOut_InOrOutTests.framework */; };
		A97EDF900E948254CE77814F /* Pods_InOrOut.framework in Frameworks */ = {isa = PBXBuildFile; fileRef = 8770A6C32290F6B205FC5B51 /* Pods_InOrOut.framework */; };
/* End PBXBuildFile section */

/* Begin PBXContainerItemProxy section */
		12A717D52427E892000936AC /* PBXContainerItemProxy */ = {
			isa = PBXContainerItemProxy;
			containerPortal = 12A717B62427E891000936AC /* Project object */;
			proxyType = 1;
			remoteGlobalIDString = 12A717BD2427E891000936AC;
			remoteInfo = InOrOut;
		};
		12A717E02427E892000936AC /* PBXContainerItemProxy */ = {
			isa = PBXContainerItemProxy;
			containerPortal = 12A717B62427E891000936AC /* Project object */;
			proxyType = 1;
			remoteGlobalIDString = 12A717BD2427E891000936AC;
			remoteInfo = InOrOut;
		};
/* End PBXContainerItemProxy section */

/* Begin PBXFileReference section */
		0FC7B8CBC5461AEE23F1DDBB /* Pods-InOrOut-InOrOutTests.debug.xcconfig */ = {isa = PBXFileReference; includeInIndex = 1; lastKnownFileType = text.xcconfig; name = "Pods-InOrOut-InOrOutTests.debug.xcconfig"; path = "Target Support Files/Pods-InOrOut-InOrOutTests/Pods-InOrOut-InOrOutTests.debug.xcconfig"; sourceTree = "<group>"; };
		122ACB4F242F9A560073CE58 /* GameStart.storyboard */ = {isa = PBXFileReference; lastKnownFileType = file.storyboard; path = GameStart.storyboard; sourceTree = "<group>"; };
		122ACB51242F9B1F0073CE58 /* GameStartViewController.swift */ = {isa = PBXFileReference; lastKnownFileType = sourcecode.swift; path = GameStartViewController.swift; sourceTree = "<group>"; };
		122ACB53242F9D270073CE58 /* SetupPlayersViewController.swift */ = {isa = PBXFileReference; lastKnownFileType = sourcecode.swift; path = SetupPlayersViewController.swift; sourceTree = "<group>"; };
		1298B4FF242D9E28000721A4 /* Cards.json */ = {isa = PBXFileReference; fileEncoding = 4; lastKnownFileType = text.json; path = Cards.json; sourceTree = "<group>"; };
		1298B502242EE14A000721A4 /* Cards.swift */ = {isa = PBXFileReference; lastKnownFileType = sourcecode.swift; path = Cards.swift; sourceTree = "<group>"; };
		1298B504242EE20A000721A4 /* CardsModel.swift */ = {isa = PBXFileReference; lastKnownFileType = sourcecode.swift; path = CardsModel.swift; sourceTree = "<group>"; };
		1298B507242EE4EF000721A4 /* InAndOutContainer.swift */ = {isa = PBXFileReference; lastKnownFileType = sourcecode.swift; path = InAndOutContainer.swift; sourceTree = "<group>"; };
		1298B50A242EE658000721A4 /* ObservableValue.swift */ = {isa = PBXFileReference; lastKnownFileType = sourcecode.swift; path = ObservableValue.swift; sourceTree = "<group>"; };
		1298B50E242EE7DC000721A4 /* ObservableValueTests.swift */ = {isa = PBXFileReference; lastKnownFileType = sourcecode.swift; path = ObservableValueTests.swift; sourceTree = "<group>"; };
		1298B511242EEC7C000721A4 /* CardsViewModel.swift */ = {isa = PBXFileReference; lastKnownFileType = sourcecode.swift; path = CardsViewModel.swift; sourceTree = "<group>"; };
		1298B516242EF297000721A4 /* CardCell.swift */ = {isa = PBXFileReference; lastKnownFileType = sourcecode.swift; path = CardCell.swift; sourceTree = "<group>"; };
		12A551BB242FC42000E0A697 /* PlayerCell.swift */ = {isa = PBXFileReference; lastKnownFileType = sourcecode.swift; path = PlayerCell.swift; sourceTree = "<group>"; };
		12A551BD242FDE6000E0A697 /* EditPlayerViewController.swift */ = {isa = PBXFileReference; lastKnownFileType = sourcecode.swift; path = EditPlayerViewController.swift; sourceTree = "<group>"; };
		12A551BE242FDE6000E0A697 /* EditPlayer.xib */ = {isa = PBXFileReference; lastKnownFileType = file.xib; path = EditPlayer.xib; sourceTree = "<group>"; };
		12A551C1242FE0F500E0A697 /* PlayerViewModel.swift */ = {isa = PBXFileReference; lastKnownFileType = sourcecode.swift; path = PlayerViewModel.swift; sourceTree = "<group>"; };
		12A551C6242FE4D000E0A697 /* PlayerViewModelTests.swift */ = {isa = PBXFileReference; lastKnownFileType = sourcecode.swift; path = PlayerViewModelTests.swift; sourceTree = "<group>"; };
		12A717BE2427E891000936AC /* InOrOut.app */ = {isa = PBXFileReference; explicitFileType = wrapper.application; includeInIndex = 0; path = InOrOut.app; sourceTree = BUILT_PRODUCTS_DIR; };
		12A717C12427E891000936AC /* AppDelegate.swift */ = {isa = PBXFileReference; lastKnownFileType = sourcecode.swift; path = AppDelegate.swift; sourceTree = "<group>"; };
		12A717C32427E891000936AC /* SceneDelegate.swift */ = {isa = PBXFileReference; lastKnownFileType = sourcecode.swift; path = SceneDelegate.swift; sourceTree = "<group>"; };
		12A717C52427E891000936AC /* CardsViewController.swift */ = {isa = PBXFileReference; lastKnownFileType = sourcecode.swift; path = CardsViewController.swift; sourceTree = "<group>"; };
		12A717C82427E891000936AC /* Base */ = {isa = PBXFileReference; lastKnownFileType = file.storyboard; name = Base; path = Base.lproj/CardsBoard.storyboard; sourceTree = "<group>"; };
		12A717CA2427E892000936AC /* Assets.xcassets */ = {isa = PBXFileReference; lastKnownFileType = folder.assetcatalog; path = Assets.xcassets; sourceTree = "<group>"; };
		12A717CD2427E892000936AC /* Base */ = {isa = PBXFileReference; lastKnownFileType = file.storyboard; name = Base; path = Base.lproj/LaunchScreen.storyboard; sourceTree = "<group>"; };
		12A717CF2427E892000936AC /* Info.plist */ = {isa = PBXFileReference; lastKnownFileType = text.plist.xml; path = Info.plist; sourceTree = "<group>"; };
		12A717D42427E892000936AC /* InOrOutTests.xctest */ = {isa = PBXFileReference; explicitFileType = wrapper.cfbundle; includeInIndex = 0; path = InOrOutTests.xctest; sourceTree = BUILT_PRODUCTS_DIR; };
		12A717D82427E892000936AC /* InOrOutTests.swift */ = {isa = PBXFileReference; lastKnownFileType = sourcecode.swift; path = InOrOutTests.swift; sourceTree = "<group>"; };
		12A717DA2427E892000936AC /* Info.plist */ = {isa = PBXFileReference; lastKnownFileType = text.plist.xml; path = Info.plist; sourceTree = "<group>"; };
		12A717DF2427E892000936AC /* InOrOutUITests.xctest */ = {isa = PBXFileReference; explicitFileType = wrapper.cfbundle; includeInIndex = 0; path = InOrOutUITests.xctest; sourceTree = BUILT_PRODUCTS_DIR; };
		12A717E32427E892000936AC /* InOrOutUITests.swift */ = {isa = PBXFileReference; lastKnownFileType = sourcecode.swift; path = InOrOutUITests.swift; sourceTree = "<group>"; };
		12A717E52427E892000936AC /* Info.plist */ = {isa = PBXFileReference; lastKnownFileType = text.plist.xml; path = Info.plist; sourceTree = "<group>"; };
		12C23235242FA00800443A17 /* SetupPlayersViewModel.swift */ = {isa = PBXFileReference; lastKnownFileType = sourcecode.swift; path = SetupPlayersViewModel.swift; sourceTree = "<group>"; };
		12C23239242FAAF900443A17 /* Player.swift */ = {isa = PBXFileReference; lastKnownFileType = sourcecode.swift; path = Player.swift; sourceTree = "<group>"; };
		12C2323C242FAD6D00443A17 /* RxUtilities.swift */ = {isa = PBXFileReference; lastKnownFileType = sourcecode.swift; path = RxUtilities.swift; sourceTree = "<group>"; };
		12C2323F242FB6B400443A17 /* SetupPlayersViewModelTests.swift */ = {isa = PBXFileReference; lastKnownFileType = sourcecode.swift; path = SetupPlayersViewModelTests.swift; sourceTree = "<group>"; };
		34E15434B720E80B815EF37D /* Pods-InOrOut.debug.xcconfig */ = {isa = PBXFileReference; includeInIndex = 1; lastKnownFileType = text.xcconfig; name = "Pods-InOrOut.debug.xcconfig"; path = "Target Support Files/Pods-InOrOut/Pods-InOrOut.debug.xcconfig"; sourceTree = "<group>"; };
		5E5180B2F0AAC4F4C3CCA81A /* Pods-InOrOut.release.xcconfig */ = {isa = PBXFileReference; includeInIndex = 1; lastKnownFileType = text.xcconfig; name = "Pods-InOrOut.release.xcconfig"; path = "Target Support Files/Pods-InOrOut/Pods-InOrOut.release.xcconfig"; sourceTree = "<group>"; };
		8770A6C32290F6B205FC5B51 /* Pods_InOrOut.framework */ = {isa = PBXFileReference; explicitFileType = wrapper.framework; includeInIndex = 0; path = Pods_InOrOut.framework; sourceTree = BUILT_PRODUCTS_DIR; };
		88D6149BACC10E8DB9AAB7ED /* Pods-InOrOut-InOrOutTests.release.xcconfig */ = {isa = PBXFileReference; includeInIndex = 1; lastKnownFileType = text.xcconfig; name = "Pods-InOrOut-InOrOutTests.release.xcconfig"; path = "Target Support Files/Pods-InOrOut-InOrOutTests/Pods-InOrOut-InOrOutTests.release.xcconfig"; sourceTree = "<group>"; };
		A99D089DEBC9B5780728ABBC /* Pods_InOrOut_InOrOutTests.framework */ = {isa = PBXFileReference; explicitFileType = wrapper.framework; includeInIndex = 0; path = Pods_InOrOut_InOrOutTests.framework; sourceTree = BUILT_PRODUCTS_DIR; };
/* End PBXFileReference section */

/* Begin PBXFrameworksBuildPhase section */
		12A717BB2427E891000936AC /* Frameworks */ = {
			isa = PBXFrameworksBuildPhase;
			buildActionMask = 2147483647;
			files = (
				A97EDF900E948254CE77814F /* Pods_InOrOut.framework in Frameworks */,
			);
			runOnlyForDeploymentPostprocessing = 0;
		};
		12A717D12427E892000936AC /* Frameworks */ = {
			isa = PBXFrameworksBuildPhase;
			buildActionMask = 2147483647;
			files = (
				7A4456CDD4C66E1B83C22A0C /* Pods_InOrOut_InOrOutTests.framework in Frameworks */,
			);
			runOnlyForDeploymentPostprocessing = 0;
		};
		12A717DC2427E892000936AC /* Frameworks */ = {
			isa = PBXFrameworksBuildPhase;
			buildActionMask = 2147483647;
			files = (
			);
			runOnlyForDeploymentPostprocessing = 0;
		};
/* End PBXFrameworksBuildPhase section */

/* Begin PBXGroup section */
		122ACB4D242F99520073CE58 /* CardsBoard */ = {
			isa = PBXGroup;
			children = (
				1298B516242EF297000721A4 /* CardCell.swift */,
				12A717C52427E891000936AC /* CardsViewController.swift */,
				12A717C72427E891000936AC /* CardsBoard.storyboard */,
			);
			path = CardsBoard;
			sourceTree = "<group>";
		};
		122ACB4E242F9A380073CE58 /* GameStart */ = {
			isa = PBXGroup;
			children = (
				122ACB4F242F9A560073CE58 /* GameStart.storyboard */,
				122ACB51242F9B1F0073CE58 /* GameStartViewController.swift */,
				12A551BB242FC42000E0A697 /* PlayerCell.swift */,
				122ACB53242F9D270073CE58 /* SetupPlayersViewController.swift */,
				12A551BD242FDE6000E0A697 /* EditPlayerViewController.swift */,
				12A551BE242FDE6000E0A697 /* EditPlayer.xib */,
			);
			path = GameStart;
			sourceTree = "<group>";
		};
		1298B501242EE10D000721A4 /* Model */ = {
			isa = PBXGroup;
			children = (
				12C23238242FAAD800443A17 /* Players */,
				12C23237242FAAB100443A17 /* Cards */,
			);
			path = Model;
			sourceTree = "<group>";
		};
		1298B506242EE48C000721A4 /* Container */ = {
			isa = PBXGroup;
			children = (
				1298B507242EE4EF000721A4 /* InAndOutContainer.swift */,
			);
			path = Container;
			sourceTree = "<group>";
		};
		1298B509242EE5E2000721A4 /* Utilities */ = {
			isa = PBXGroup;
			children = (
				1298B50A242EE658000721A4 /* ObservableValue.swift */,
				12C2323C242FAD6D00443A17 /* RxUtilities.swift */,
			);
			path = Utilities;
			sourceTree = "<group>";
		};
		1298B50D242EE669000721A4 /* ObservableValue */ = {
			isa = PBXGroup;
			children = (
				1298B50E242EE7DC000721A4 /* ObservableValueTests.swift */,
			);
			path = ObservableValue;
			sourceTree = "<group>";
		};
		1298B510242EEC5F000721A4 /* ViewModel */ = {
			isa = PBXGroup;
			children = (
				1298B511242EEC7C000721A4 /* CardsViewModel.swift */,
				12C23235242FA00800443A17 /* SetupPlayersViewModel.swift */,
				12A551C1242FE0F500E0A697 /* PlayerViewModel.swift */,
			);
			path = ViewModel;
			sourceTree = "<group>";
		};
		1298B513242EF10C000721A4 /* View */ = {
			isa = PBXGroup;
			children = (
				122ACB4E242F9A380073CE58 /* GameStart */,
				122ACB4D242F99520073CE58 /* CardsBoard */,
			);
			path = View;
			sourceTree = "<group>";
		};
		12A717B52427E891000936AC = {
			isa = PBXGroup;
			children = (
				12A717C02427E891000936AC /* InOrOut */,
				12A717D72427E892000936AC /* InOrOutTests */,
				12A717E22427E892000936AC /* InOrOutUITests */,
				12A717BF2427E891000936AC /* Products */,
				7F764C9EF37597C46E08ACCB /* Pods */,
				BDCDD6BB32B04CDC1E45A8E1 /* Frameworks */,
			);
			sourceTree = "<group>";
		};
		12A717BF2427E891000936AC /* Products */ = {
			isa = PBXGroup;
			children = (
				12A717BE2427E891000936AC /* InOrOut.app */,
				12A717D42427E892000936AC /* InOrOutTests.xctest */,
				12A717DF2427E892000936AC /* InOrOutUITests.xctest */,
			);
			name = Products;
			sourceTree = "<group>";
		};
		12A717C02427E891000936AC /* InOrOut */ = {
			isa = PBXGroup;
			children = (
				12A717CF2427E892000936AC /* Info.plist */,
				12A717C12427E891000936AC /* AppDelegate.swift */,
				12A717C32427E891000936AC /* SceneDelegate.swift */,
				12A717CA2427E892000936AC /* Assets.xcassets */,
				1298B506242EE48C000721A4 /* Container */,
				12A717CC2427E892000936AC /* LaunchScreen.storyboard */,
				1298B501242EE10D000721A4 /* Model */,
				1298B509242EE5E2000721A4 /* Utilities */,
				1298B513242EF10C000721A4 /* View */,
				1298B510242EEC5F000721A4 /* ViewModel */,
			);
			path = InOrOut;
			sourceTree = "<group>";
		};
		12A717D72427E892000936AC /* InOrOutTests */ = {
			isa = PBXGroup;
			children = (
				12A717DA2427E892000936AC /* Info.plist */,
				12A717D82427E892000936AC /* InOrOutTests.swift */,
				1298B50D242EE669000721A4 /* ObservableValue */,
				12C2323E242FB69B00443A17 /* ViewModel */,
			);
			path = InOrOutTests;
			sourceTree = "<group>";
		};
		12A717E22427E892000936AC /* InOrOutUITests */ = {
			isa = PBXGroup;
			children = (
				12A717E32427E892000936AC /* InOrOutUITests.swift */,
				12A717E52427E892000936AC /* Info.plist */,
			);
			path = InOrOutUITests;
			sourceTree = "<group>";
		};
		12C23237242FAAB100443A17 /* Cards */ = {
			isa = PBXGroup;
			children = (
				1298B4FF242D9E28000721A4 /* Cards.json */,
				1298B502242EE14A000721A4 /* Cards.swift */,
				1298B504242EE20A000721A4 /* CardsModel.swift */,
			);
			path = Cards;
			sourceTree = "<group>";
		};
		12C23238242FAAD800443A17 /* Players */ = {
			isa = PBXGroup;
			children = (
				12C23239242FAAF900443A17 /* Player.swift */,
			);
			path = Players;
			sourceTree = "<group>";
		};
		12C2323E242FB69B00443A17 /* ViewModel */ = {
			isa = PBXGroup;
			children = (
				12C2323F242FB6B400443A17 /* SetupPlayersViewModelTests.swift */,
				12A551C6242FE4D000E0A697 /* PlayerViewModelTests.swift */,
			);
			path = ViewModel;
			sourceTree = "<group>";
		};
		7F764C9EF37597C46E08ACCB /* Pods */ = {
			isa = PBXGroup;
			children = (
				34E15434B720E80B815EF37D /* Pods-InOrOut.debug.xcconfig */,
				5E5180B2F0AAC4F4C3CCA81A /* Pods-InOrOut.release.xcconfig */,
				0FC7B8CBC5461AEE23F1DDBB /* Pods-InOrOut-InOrOutTests.debug.xcconfig */,
				88D6149BACC10E8DB9AAB7ED /* Pods-InOrOut-InOrOutTests.release.xcconfig */,
			);
			name = Pods;
			path = ../Pods;
			sourceTree = "<group>";
		};
		BDCDD6BB32B04CDC1E45A8E1 /* Frameworks */ = {
			isa = PBXGroup;
			children = (
				8770A6C32290F6B205FC5B51 /* Pods_InOrOut.framework */,
				A99D089DEBC9B5780728ABBC /* Pods_InOrOut_InOrOutTests.framework */,
			);
			name = Frameworks;
			sourceTree = "<group>";
		};
/* End PBXGroup section */

/* Begin PBXNativeTarget section */
		12A717BD2427E891000936AC /* InOrOut */ = {
			isa = PBXNativeTarget;
			buildConfigurationList = 12A717E82427E892000936AC /* Build configuration list for PBXNativeTarget "InOrOut" */;
			buildPhases = (
				B004ACB4E4922C618A505ADE /* [CP] Check Pods Manifest.lock */,
				12A717BA2427E891000936AC /* Sources */,
				12A717BB2427E891000936AC /* Frameworks */,
				12A717BC2427E891000936AC /* Resources */,
				FCD7EF87143DEA6AD92E864C /* [CP] Embed Pods Frameworks */,
			);
			buildRules = (
			);
			dependencies = (
			);
			name = InOrOut;
			productName = InOrOut;
			productReference = 12A717BE2427E891000936AC /* InOrOut.app */;
			productType = "com.apple.product-type.application";
		};
		12A717D32427E892000936AC /* InOrOutTests */ = {
			isa = PBXNativeTarget;
			buildConfigurationList = 12A717EB2427E892000936AC /* Build configuration list for PBXNativeTarget "InOrOutTests" */;
			buildPhases = (
				CDDFFDA2BB21EA379EB1E0AD /* [CP] Check Pods Manifest.lock */,
				12A717D02427E892000936AC /* Sources */,
				12A717D12427E892000936AC /* Frameworks */,
				12A717D22427E892000936AC /* Resources */,
				F3FF098DA32328B5637B35A0 /* [CP] Embed Pods Frameworks */,
			);
			buildRules = (
			);
			dependencies = (
				12A717D62427E892000936AC /* PBXTargetDependency */,
			);
			name = InOrOutTests;
			productName = InOrOutTests;
			productReference = 12A717D42427E892000936AC /* InOrOutTests.xctest */;
			productType = "com.apple.product-type.bundle.unit-test";
		};
		12A717DE2427E892000936AC /* InOrOutUITests */ = {
			isa = PBXNativeTarget;
			buildConfigurationList = 12A717EE2427E892000936AC /* Build configuration list for PBXNativeTarget "InOrOutUITests" */;
			buildPhases = (
				12A717DB2427E892000936AC /* Sources */,
				12A717DC2427E892000936AC /* Frameworks */,
				12A717DD2427E892000936AC /* Resources */,
			);
			buildRules = (
			);
			dependencies = (
				12A717E12427E892000936AC /* PBXTargetDependency */,
			);
			name = InOrOutUITests;
			productName = InOrOutUITests;
			productReference = 12A717DF2427E892000936AC /* InOrOutUITests.xctest */;
			productType = "com.apple.product-type.bundle.ui-testing";
		};
/* End PBXNativeTarget section */

/* Begin PBXProject section */
		12A717B62427E891000936AC /* Project object */ = {
			isa = PBXProject;
			attributes = {
				LastSwiftUpdateCheck = 1130;
				LastUpgradeCheck = 1130;
				ORGANIZATIONNAME = "John Cheney";
				TargetAttributes = {
					12A717BD2427E891000936AC = {
						CreatedOnToolsVersion = 11.3;
					};
					12A717D32427E892000936AC = {
						CreatedOnToolsVersion = 11.3;
						TestTargetID = 12A717BD2427E891000936AC;
					};
					12A717DE2427E892000936AC = {
						CreatedOnToolsVersion = 11.3;
						TestTargetID = 12A717BD2427E891000936AC;
					};
				};
			};
			buildConfigurationList = 12A717B92427E891000936AC /* Build configuration list for PBXProject "InOrOut" */;
			compatibilityVersion = "Xcode 9.3";
			developmentRegion = en;
			hasScannedForEncodings = 0;
			knownRegions = (
				en,
				Base,
			);
			mainGroup = 12A717B52427E891000936AC;
			productRefGroup = 12A717BF2427E891000936AC /* Products */;
			projectDirPath = "";
			projectRoot = "";
			targets = (
				12A717BD2427E891000936AC /* InOrOut */,
				12A717D32427E892000936AC /* InOrOutTests */,
				12A717DE2427E892000936AC /* InOrOutUITests */,
			);
		};
/* End PBXProject section */

/* Begin PBXResourcesBuildPhase section */
		12A717BC2427E891000936AC /* Resources */ = {
			isa = PBXResourcesBuildPhase;
			buildActionMask = 2147483647;
			files = (
				122ACB50242F9A560073CE58 /* GameStart.storyboard in Resources */,
				12A551C0242FDE6100E0A697 /* EditPlayer.xib in Resources */,
				1298B500242D9E28000721A4 /* Cards.json in Resources */,
				12A717CE2427E892000936AC /* LaunchScreen.storyboard in Resources */,
				12A717CB2427E892000936AC /* Assets.xcassets in Resources */,
				12A717C92427E891000936AC /* CardsBoard.storyboard in Resources */,
			);
			runOnlyForDeploymentPostprocessing = 0;
		};
		12A717D22427E892000936AC /* Resources */ = {
			isa = PBXResourcesBuildPhase;
			buildActionMask = 2147483647;
			files = (
			);
			runOnlyForDeploymentPostprocessing = 0;
		};
		12A717DD2427E892000936AC /* Resources */ = {
			isa = PBXResourcesBuildPhase;
			buildActionMask = 2147483647;
			files = (
			);
			runOnlyForDeploymentPostprocessing = 0;
		};
/* End PBXResourcesBuildPhase section */

/* Begin PBXShellScriptBuildPhase section */
		B004ACB4E4922C618A505ADE /* [CP] Check Pods Manifest.lock */ = {
			isa = PBXShellScriptBuildPhase;
			buildActionMask = 2147483647;
			files = (
			);
			inputFileListPaths = (
			);
			inputPaths = (
				"${PODS_PODFILE_DIR_PATH}/Podfile.lock",
				"${PODS_ROOT}/Manifest.lock",
			);
			name = "[CP] Check Pods Manifest.lock";
			outputFileListPaths = (
			);
			outputPaths = (
				"$(DERIVED_FILE_DIR)/Pods-InOrOut-checkManifestLockResult.txt",
			);
			runOnlyForDeploymentPostprocessing = 0;
			shellPath = /bin/sh;
			shellScript = "diff \"${PODS_PODFILE_DIR_PATH}/Podfile.lock\" \"${PODS_ROOT}/Manifest.lock\" > /dev/null\nif [ $? != 0 ] ; then\n    # print error to STDERR\n    echo \"error: The sandbox is not in sync with the Podfile.lock. Run 'pod install' or update your CocoaPods installation.\" >&2\n    exit 1\nfi\n# This output is used by Xcode 'outputs' to avoid re-running this script phase.\necho \"SUCCESS\" > \"${SCRIPT_OUTPUT_FILE_0}\"\n";
			showEnvVarsInLog = 0;
		};
		CDDFFDA2BB21EA379EB1E0AD /* [CP] Check Pods Manifest.lock */ = {
			isa = PBXShellScriptBuildPhase;
			buildActionMask = 2147483647;
			files = (
			);
			inputFileListPaths = (
			);
			inputPaths = (
				"${PODS_PODFILE_DIR_PATH}/Podfile.lock",
				"${PODS_ROOT}/Manifest.lock",
			);
			name = "[CP] Check Pods Manifest.lock";
			outputFileListPaths = (
			);
			outputPaths = (
				"$(DERIVED_FILE_DIR)/Pods-InOrOut-InOrOutTests-checkManifestLockResult.txt",
			);
			runOnlyForDeploymentPostprocessing = 0;
			shellPath = /bin/sh;
			shellScript = "diff \"${PODS_PODFILE_DIR_PATH}/Podfile.lock\" \"${PODS_ROOT}/Manifest.lock\" > /dev/null\nif [ $? != 0 ] ; then\n    # print error to STDERR\n    echo \"error: The sandbox is not in sync with the Podfile.lock. Run 'pod install' or update your CocoaPods installation.\" >&2\n    exit 1\nfi\n# This output is used by Xcode 'outputs' to avoid re-running this script phase.\necho \"SUCCESS\" > \"${SCRIPT_OUTPUT_FILE_0}\"\n";
			showEnvVarsInLog = 0;
		};
		F3FF098DA32328B5637B35A0 /* [CP] Embed Pods Frameworks */ = {
			isa = PBXShellScriptBuildPhase;
			buildActionMask = 2147483647;
			files = (
			);
			inputFileListPaths = (
				"${PODS_ROOT}/Target Support Files/Pods-InOrOut-InOrOutTests/Pods-InOrOut-InOrOutTests-frameworks-${CONFIGURATION}-input-files.xcfilelist",
			);
			name = "[CP] Embed Pods Frameworks";
			outputFileListPaths = (
				"${PODS_ROOT}/Target Support Files/Pods-InOrOut-InOrOutTests/Pods-InOrOut-InOrOutTests-frameworks-${CONFIGURATION}-output-files.xcfilelist",
			);
			runOnlyForDeploymentPostprocessing = 0;
			shellPath = /bin/sh;
			shellScript = "\"${PODS_ROOT}/Target Support Files/Pods-InOrOut-InOrOutTests/Pods-InOrOut-InOrOutTests-frameworks.sh\"\n";
			showEnvVarsInLog = 0;
		};
		FCD7EF87143DEA6AD92E864C /* [CP] Embed Pods Frameworks */ = {
			isa = PBXShellScriptBuildPhase;
			buildActionMask = 2147483647;
			files = (
			);
			inputFileListPaths = (
				"${PODS_ROOT}/Target Support Files/Pods-InOrOut/Pods-InOrOut-frameworks-${CONFIGURATION}-input-files.xcfilelist",
			);
			name = "[CP] Embed Pods Frameworks";
			outputFileListPaths = (
				"${PODS_ROOT}/Target Support Files/Pods-InOrOut/Pods-InOrOut-frameworks-${CONFIGURATION}-output-files.xcfilelist",
			);
			runOnlyForDeploymentPostprocessing = 0;
			shellPath = /bin/sh;
			shellScript = "\"${PODS_ROOT}/Target Support Files/Pods-InOrOut/Pods-InOrOut-frameworks.sh\"\n";
			showEnvVarsInLog = 0;
		};
/* End PBXShellScriptBuildPhase section */

/* Begin PBXSourcesBuildPhase section */
		12A717BA2427E891000936AC /* Sources */ = {
			isa = PBXSourcesBuildPhase;
			buildActionMask = 2147483647;
			files = (
				1298B512242EEC7C000721A4 /* CardsViewModel.swift in Sources */,
				1298B505242EE20A000721A4 /* CardsModel.swift in Sources */,
				1298B50B242EE658000721A4 /* ObservableValue.swift in Sources */,
				12A717C62427E891000936AC /* CardsViewController.swift in Sources */,
				12A717C22427E891000936AC /* AppDelegate.swift in Sources */,
				12C2323A242FAAF900443A17 /* Player.swift in Sources */,
				1298B508242EE4EF000721A4 /* InAndOutContainer.swift in Sources */,
				12A717C42427E891000936AC /* SceneDelegate.swift in Sources */,
				1298B503242EE14A000721A4 /* Cards.swift in Sources */,
				12A551BC242FC42000E0A697 /* PlayerCell.swift in Sources */,
				122ACB54242F9D270073CE58 /* SetupPlayersViewController.swift in Sources */,
				12A551BF242FDE6000E0A697 /* EditPlayerViewController.swift in Sources */,
				12C2323D242FAD6D00443A17 /* RxUtilities.swift in Sources */,
				1298B517242EF297000721A4 /* CardCell.swift in Sources */,
				122ACB52242F9B1F0073CE58 /* GameStartViewController.swift in Sources */,
				12C23236242FA00800443A17 /* SetupPlayersViewModel.swift in Sources */,
				12A551C2242FE0F500E0A697 /* PlayerViewModel.swift in Sources */,
			);
			runOnlyForDeploymentPostprocessing = 0;
		};
		12A717D02427E892000936AC /* Sources */ = {
			isa = PBXSourcesBuildPhase;
			buildActionMask = 2147483647;
			files = (
				12C23240242FB6B400443A17 /* SetupPlayersViewModelTests.swift in Sources */,
				12A551C7242FE4D000E0A697 /* PlayerViewModelTests.swift in Sources */,
				1298B50F242EE7DC000721A4 /* ObservableValueTests.swift in Sources */,
				12A717D92427E892000936AC /* InOrOutTests.swift in Sources */,
			);
			runOnlyForDeploymentPostprocessing = 0;
		};
		12A717DB2427E892000936AC /* Sources */ = {
			isa = PBXSourcesBuildPhase;
			buildActionMask = 2147483647;
			files = (
				12A717E42427E892000936AC /* InOrOutUITests.swift in Sources */,
			);
			runOnlyForDeploymentPostprocessing = 0;
		};
/* End PBXSourcesBuildPhase section */

/* Begin PBXTargetDependency section */
		12A717D62427E892000936AC /* PBXTargetDependency */ = {
			isa = PBXTargetDependency;
			target = 12A717BD2427E891000936AC /* InOrOut */;
			targetProxy = 12A717D52427E892000936AC /* PBXContainerItemProxy */;
		};
		12A717E12427E892000936AC /* PBXTargetDependency */ = {
			isa = PBXTargetDependency;
			target = 12A717BD2427E891000936AC /* InOrOut */;
			targetProxy = 12A717E02427E892000936AC /* PBXContainerItemProxy */;
		};
/* End PBXTargetDependency section */

/* Begin PBXVariantGroup section */
		12A717C72427E891000936AC /* CardsBoard.storyboard */ = {
			isa = PBXVariantGroup;
			children = (
				12A717C82427E891000936AC /* Base */,
			);
			name = CardsBoard.storyboard;
			sourceTree = "<group>";
		};
		12A717CC2427E892000936AC /* LaunchScreen.storyboard */ = {
			isa = PBXVariantGroup;
			children = (
				12A717CD2427E892000936AC /* Base */,
			);
			name = LaunchScreen.storyboard;
			sourceTree = "<group>";
		};
/* End PBXVariantGroup section */

/* Begin XCBuildConfiguration section */
		12A717E62427E892000936AC /* Debug */ = {
			isa = XCBuildConfiguration;
			buildSettings = {
				ALWAYS_SEARCH_USER_PATHS = NO;
				CLANG_ANALYZER_NONNULL = YES;
				CLANG_ANALYZER_NUMBER_OBJECT_CONVERSION = YES_AGGRESSIVE;
				CLANG_CXX_LANGUAGE_STANDARD = "gnu++14";
				CLANG_CXX_LIBRARY = "libc++";
				CLANG_ENABLE_MODULES = YES;
				CLANG_ENABLE_OBJC_ARC = YES;
				CLANG_ENABLE_OBJC_WEAK = YES;
				CLANG_WARN_BLOCK_CAPTURE_AUTORELEASING = YES;
				CLANG_WARN_BOOL_CONVERSION = YES;
				CLANG_WARN_COMMA = YES;
				CLANG_WARN_CONSTANT_CONVERSION = YES;
				CLANG_WARN_DEPRECATED_OBJC_IMPLEMENTATIONS = YES;
				CLANG_WARN_DIRECT_OBJC_ISA_USAGE = YES_ERROR;
				CLANG_WARN_DOCUMENTATION_COMMENTS = YES;
				CLANG_WARN_EMPTY_BODY = YES;
				CLANG_WARN_ENUM_CONVERSION = YES;
				CLANG_WARN_INFINITE_RECURSION = YES;
				CLANG_WARN_INT_CONVERSION = YES;
				CLANG_WARN_NON_LITERAL_NULL_CONVERSION = YES;
				CLANG_WARN_OBJC_IMPLICIT_RETAIN_SELF = YES;
				CLANG_WARN_OBJC_LITERAL_CONVERSION = YES;
				CLANG_WARN_OBJC_ROOT_CLASS = YES_ERROR;
				CLANG_WARN_RANGE_LOOP_ANALYSIS = YES;
				CLANG_WARN_STRICT_PROTOTYPES = YES;
				CLANG_WARN_SUSPICIOUS_MOVE = YES;
				CLANG_WARN_UNGUARDED_AVAILABILITY = YES_AGGRESSIVE;
				CLANG_WARN_UNREACHABLE_CODE = YES;
				CLANG_WARN__DUPLICATE_METHOD_MATCH = YES;
				COPY_PHASE_STRIP = NO;
				DEBUG_INFORMATION_FORMAT = dwarf;
				ENABLE_STRICT_OBJC_MSGSEND = YES;
				ENABLE_TESTABILITY = YES;
				GCC_C_LANGUAGE_STANDARD = gnu11;
				GCC_DYNAMIC_NO_PIC = NO;
				GCC_NO_COMMON_BLOCKS = YES;
				GCC_OPTIMIZATION_LEVEL = 0;
				GCC_PREPROCESSOR_DEFINITIONS = (
					"DEBUG=1",
					"$(inherited)",
				);
				GCC_WARN_64_TO_32_BIT_CONVERSION = YES;
				GCC_WARN_ABOUT_RETURN_TYPE = YES_ERROR;
				GCC_WARN_UNDECLARED_SELECTOR = YES;
				GCC_WARN_UNINITIALIZED_AUTOS = YES_AGGRESSIVE;
				GCC_WARN_UNUSED_FUNCTION = YES;
				GCC_WARN_UNUSED_VARIABLE = YES;
				IPHONEOS_DEPLOYMENT_TARGET = 13.2;
				MTL_ENABLE_DEBUG_INFO = INCLUDE_SOURCE;
				MTL_FAST_MATH = YES;
				ONLY_ACTIVE_ARCH = YES;
				SDKROOT = iphoneos;
				SWIFT_ACTIVE_COMPILATION_CONDITIONS = DEBUG;
				SWIFT_OPTIMIZATION_LEVEL = "-Onone";
			};
			name = Debug;
		};
		12A717E72427E892000936AC /* Release */ = {
			isa = XCBuildConfiguration;
			buildSettings = {
				ALWAYS_SEARCH_USER_PATHS = NO;
				CLANG_ANALYZER_NONNULL = YES;
				CLANG_ANALYZER_NUMBER_OBJECT_CONVERSION = YES_AGGRESSIVE;
				CLANG_CXX_LANGUAGE_STANDARD = "gnu++14";
				CLANG_CXX_LIBRARY = "libc++";
				CLANG_ENABLE_MODULES = YES;
				CLANG_ENABLE_OBJC_ARC = YES;
				CLANG_ENABLE_OBJC_WEAK = YES;
				CLANG_WARN_BLOCK_CAPTURE_AUTORELEASING = YES;
				CLANG_WARN_BOOL_CONVERSION = YES;
				CLANG_WARN_COMMA = YES;
				CLANG_WARN_CONSTANT_CONVERSION = YES;
				CLANG_WARN_DEPRECATED_OBJC_IMPLEMENTATIONS = YES;
				CLANG_WARN_DIRECT_OBJC_ISA_USAGE = YES_ERROR;
				CLANG_WARN_DOCUMENTATION_COMMENTS = YES;
				CLANG_WARN_EMPTY_BODY = YES;
				CLANG_WARN_ENUM_CONVERSION = YES;
				CLANG_WARN_INFINITE_RECURSION = YES;
				CLANG_WARN_INT_CONVERSION = YES;
				CLANG_WARN_NON_LITERAL_NULL_CONVERSION = YES;
				CLANG_WARN_OBJC_IMPLICIT_RETAIN_SELF = YES;
				CLANG_WARN_OBJC_LITERAL_CONVERSION = YES;
				CLANG_WARN_OBJC_ROOT_CLASS = YES_ERROR;
				CLANG_WARN_RANGE_LOOP_ANALYSIS = YES;
				CLANG_WARN_STRICT_PROTOTYPES = YES;
				CLANG_WARN_SUSPICIOUS_MOVE = YES;
				CLANG_WARN_UNGUARDED_AVAILABILITY = YES_AGGRESSIVE;
				CLANG_WARN_UNREACHABLE_CODE = YES;
				CLANG_WARN__DUPLICATE_METHOD_MATCH = YES;
				COPY_PHASE_STRIP = NO;
				DEBUG_INFORMATION_FORMAT = "dwarf-with-dsym";
				ENABLE_NS_ASSERTIONS = NO;
				ENABLE_STRICT_OBJC_MSGSEND = YES;
				GCC_C_LANGUAGE_STANDARD = gnu11;
				GCC_NO_COMMON_BLOCKS = YES;
				GCC_WARN_64_TO_32_BIT_CONVERSION = YES;
				GCC_WARN_ABOUT_RETURN_TYPE = YES_ERROR;
				GCC_WARN_UNDECLARED_SELECTOR = YES;
				GCC_WARN_UNINITIALIZED_AUTOS = YES_AGGRESSIVE;
				GCC_WARN_UNUSED_FUNCTION = YES;
				GCC_WARN_UNUSED_VARIABLE = YES;
				IPHONEOS_DEPLOYMENT_TARGET = 13.2;
				MTL_ENABLE_DEBUG_INFO = NO;
				MTL_FAST_MATH = YES;
				SDKROOT = iphoneos;
				SWIFT_COMPILATION_MODE = wholemodule;
				SWIFT_OPTIMIZATION_LEVEL = "-O";
				VALIDATE_PRODUCT = YES;
			};
			name = Release;
		};
		12A717E92427E892000936AC /* Debug */ = {
			isa = XCBuildConfiguration;
			baseConfigurationReference = 34E15434B720E80B815EF37D /* Pods-InOrOut.debug.xcconfig */;
			buildSettings = {
				ASSETCATALOG_COMPILER_APPICON_NAME = AppIcon;
				CODE_SIGN_STYLE = Automatic;
				DEVELOPMENT_TEAM = 226VD46MFJ;
				INFOPLIST_FILE = InOrOut/Info.plist;
				LD_RUNPATH_SEARCH_PATHS = (
					"$(inherited)",
					"@executable_path/Frameworks",
				);
				PRODUCT_BUNDLE_IDENTIFIER = com.wizz.InOrOut;
				PRODUCT_NAME = "$(TARGET_NAME)";
				SWIFT_VERSION = 5.0;
				TARGETED_DEVICE_FAMILY = "1,2";
			};
			name = Debug;
		};
		12A717EA2427E892000936AC /* Release */ = {
			isa = XCBuildConfiguration;
			baseConfigurationReference = 5E5180B2F0AAC4F4C3CCA81A /* Pods-InOrOut.release.xcconfig */;
			buildSettings = {
				ASSETCATALOG_COMPILER_APPICON_NAME = AppIcon;
				CODE_SIGN_STYLE = Automatic;
				DEVELOPMENT_TEAM = 226VD46MFJ;
				INFOPLIST_FILE = InOrOut/Info.plist;
				LD_RUNPATH_SEARCH_PATHS = (
					"$(inherited)",
					"@executable_path/Frameworks",
				);
				PRODUCT_BUNDLE_IDENTIFIER = com.wizz.InOrOut;
				PRODUCT_NAME = "$(TARGET_NAME)";
				SWIFT_VERSION = 5.0;
				TARGETED_DEVICE_FAMILY = "1,2";
			};
			name = Release;
		};
		12A717EC2427E892000936AC /* Debug */ = {
			isa = XCBuildConfiguration;
			baseConfigurationReference = 0FC7B8CBC5461AEE23F1DDBB /* Pods-InOrOut-InOrOutTests.debug.xcconfig */;
			buildSettings = {
				ALWAYS_EMBED_SWIFT_STANDARD_LIBRARIES = YES;
				BUNDLE_LOADER = "$(TEST_HOST)";
				CODE_SIGN_STYLE = Automatic;
				DEVELOPMENT_TEAM = 226VD46MFJ;
				INFOPLIST_FILE = InOrOutTests/Info.plist;
				IPHONEOS_DEPLOYMENT_TARGET = 13.2;
				LD_RUNPATH_SEARCH_PATHS = (
					"$(inherited)",
					"@executable_path/Frameworks",
					"@loader_path/Frameworks",
				);
				PRODUCT_BUNDLE_IDENTIFIER = com.wizz.InOrOutTests;
				PRODUCT_NAME = "$(TARGET_NAME)";
				SWIFT_VERSION = 5.0;
				TARGETED_DEVICE_FAMILY = "1,2";
				TEST_HOST = "$(BUILT_PRODUCTS_DIR)/InOrOut.app/InOrOut";
			};
			name = Debug;
		};
		12A717ED2427E892000936AC /* Release */ = {
			isa = XCBuildConfiguration;
			baseConfigurationReference = 88D6149BACC10E8DB9AAB7ED /* Pods-InOrOut-InOrOutTests.release.xcconfig */;
			buildSettings = {
				ALWAYS_EMBED_SWIFT_STANDARD_LIBRARIES = YES;
				BUNDLE_LOADER = "$(TEST_HOST)";
				CODE_SIGN_STYLE = Automatic;
				DEVELOPMENT_TEAM = 226VD46MFJ;
				INFOPLIST_FILE = InOrOutTests/Info.plist;
				IPHONEOS_DEPLOYMENT_TARGET = 13.2;
				LD_RUNPATH_SEARCH_PATHS = (
					"$(inherited)",
					"@executable_path/Frameworks",
					"@loader_path/Frameworks",
				);
				PRODUCT_BUNDLE_IDENTIFIER = com.wizz.InOrOutTests;
				PRODUCT_NAME = "$(TARGET_NAME)";
				SWIFT_VERSION = 5.0;
				TARGETED_DEVICE_FAMILY = "1,2";
				TEST_HOST = "$(BUILT_PRODUCTS_DIR)/InOrOut.app/InOrOut";
			};
			name = Release;
		};
		12A717EF2427E892000936AC /* Debug */ = {
			isa = XCBuildConfiguration;
			buildSettings = {
				ALWAYS_EMBED_SWIFT_STANDARD_LIBRARIES = YES;
				CODE_SIGN_STYLE = Automatic;
				DEVELOPMENT_TEAM = 226VD46MFJ;
				INFOPLIST_FILE = InOrOutUITests/Info.plist;
				LD_RUNPATH_SEARCH_PATHS = (
					"$(inherited)",
					"@executable_path/Frameworks",
					"@loader_path/Frameworks",
				);
				PRODUCT_BUNDLE_IDENTIFIER = com.wizz.InOrOutUITests;
				PRODUCT_NAME = "$(TARGET_NAME)";
				SWIFT_VERSION = 5.0;
				TARGETED_DEVICE_FAMILY = "1,2";
				TEST_TARGET_NAME = InOrOut;
			};
			name = Debug;
		};
		12A717F02427E892000936AC /* Release */ = {
			isa = XCBuildConfiguration;
			buildSettings = {
				ALWAYS_EMBED_SWIFT_STANDARD_LIBRARIES = YES;
				CODE_SIGN_STYLE = Automatic;
				DEVELOPMENT_TEAM = 226VD46MFJ;
				INFOPLIST_FILE = InOrOutUITests/Info.plist;
				LD_RUNPATH_SEARCH_PATHS = (
					"$(inherited)",
					"@executable_path/Frameworks",
					"@loader_path/Frameworks",
				);
				PRODUCT_BUNDLE_IDENTIFIER = com.wizz.InOrOutUITests;
				PRODUCT_NAME = "$(TARGET_NAME)";
				SWIFT_VERSION = 5.0;
				TARGETED_DEVICE_FAMILY = "1,2";
				TEST_TARGET_NAME = InOrOut;
			};
			name = Release;
		};
/* End XCBuildConfiguration section */

/* Begin XCConfigurationList section */
		12A717B92427E891000936AC /* Build configuration list for PBXProject "InOrOut" */ = {
			isa = XCConfigurationList;
			buildConfigurations = (
				12A717E62427E892000936AC /* Debug */,
				12A717E72427E892000936AC /* Release */,
			);
			defaultConfigurationIsVisible = 0;
			defaultConfigurationName = Release;
		};
		12A717E82427E892000936AC /* Build configuration list for PBXNativeTarget "InOrOut" */ = {
			isa = XCConfigurationList;
			buildConfigurations = (
				12A717E92427E892000936AC /* Debug */,
				12A717EA2427E892000936AC /* Release */,
			);
			defaultConfigurationIsVisible = 0;
			defaultConfigurationName = Release;
		};
		12A717EB2427E892000936AC /* Build configuration list for PBXNativeTarget "InOrOutTests" */ = {
			isa = XCConfigurationList;
			buildConfigurations = (
				12A717EC2427E892000936AC /* Debug */,
				12A717ED2427E892000936AC /* Release */,
			);
			defaultConfigurationIsVisible = 0;
			defaultConfigurationName = Release;
		};
		12A717EE2427E892000936AC /* Build configuration list for PBXNativeTarget "InOrOutUITests" */ = {
			isa = XCConfigurationList;
			buildConfigurations = (
				12A717EF2427E892000936AC /* Debug */,
				12A717F02427E892000936AC /* Release */,
			);
			defaultConfigurationIsVisible = 0;
			defaultConfigurationName = Release;
		};
/* End XCConfigurationList section */
	};
	rootObject = 12A717B62427E891000936AC /* Project object */;
}
