// !$*UTF8*$!
{
	archiveVersion = 1;
	classes = {
	};
	objectVersion = 50;
	objects = {

/* Begin PBXBuildFile section */
		1298B500242D9E28000721A4 /* Cards.json in Resources */ = {isa = PBXBuildFile; fileRef = 1298B4FF242D9E28000721A4 /* Cards.json */; };
		1298B503242EE14A000721A4 /* Cards.swift in Sources */ = {isa = PBXBuildFile; fileRef = 1298B502242EE14A000721A4 /* Cards.swift */; };
		1298B505242EE20A000721A4 /* CardsModel.swift in Sources */ = {isa = PBXBuildFile; fileRef = 1298B504242EE20A000721A4 /* CardsModel.swift */; };
		1298B508242EE4EF000721A4 /* InAndOutContainer.swift in Sources */ = {isa = PBXBuildFile; fileRef = 1298B507242EE4EF000721A4 /* InAndOutContainer.swift */; };
		1298B50B242EE658000721A4 /* ObservableValue.swift in Sources */ = {isa = PBXBuildFile; fileRef = 1298B50A242EE658000721A4 /* ObservableValue.swift */; };
		1298B50F242EE7DC000721A4 /* ObservableValueTests.swift in Sources */ = {isa = PBXBuildFile; fileRef = 1298B50E242EE7DC000721A4 /* ObservableValueTests.swift */; };
		12A717C22427E891000936AC /* AppDelegate.swift in Sources */ = {isa = PBXBuildFile; fileRef = 12A717C12427E891000936AC /* AppDelegate.swift */; };
		12A717C42427E891000936AC /* SceneDelegate.swift in Sources */ = {isa = PBXBuildFile; fileRef = 12A717C32427E891000936AC /* SceneDelegate.swift */; };
		12A717C62427E891000936AC /* ViewController.swift in Sources */ = {isa = PBXBuildFile; fileRef = 12A717C52427E891000936AC /* ViewController.swift */; };
		12A717C92427E891000936AC /* Main.storyboard in Resources */ = {isa = PBXBuildFile; fileRef = 12A717C72427E891000936AC /* Main.storyboard */; };
		12A717CB2427E892000936AC /* Assets.xcassets in Resources */ = {isa = PBXBuildFile; fileRef = 12A717CA2427E892000936AC /* Assets.xcassets */; };
		12A717CE2427E892000936AC /* LaunchScreen.storyboard in Resources */ = {isa = PBXBuildFile; fileRef = 12A717CC2427E892000936AC /* LaunchScreen.storyboard */; };
		12A717D92427E892000936AC /* InOrOutTests.swift in Sources */ = {isa = PBXBuildFile; fileRef = 12A717D82427E892000936AC /* InOrOutTests.swift */; };
		12A717E42427E892000936AC /* InOrOutUITests.swift in Sources */ = {isa = PBXBuildFile; fileRef = 12A717E32427E892000936AC /* InOrOutUITests.swift */; };
/* End PBXBuildFile section */

/* Begin PBXContainerItemProxy section */
		12A717D52427E892000936AC /* PBXContainerItemProxy */ = {
			isa = PBXContainerItemProxy;
			containerPortal = 12A717B62427E891000936AC /* Project object */;
			proxyType = 1;
			remoteGlobalIDString = 12A717BD2427E891000936AC;
			remoteInfo = InOrOut;
		};
		12A717E02427E892000936AC /* PBXContainerItemProxy */ = {
			isa = PBXContainerItemProxy;
			containerPortal = 12A717B62427E891000936AC /* Project object */;
			proxyType = 1;
			remoteGlobalIDString = 12A717BD2427E891000936AC;
			remoteInfo = InOrOut;
		};
/* End PBXContainerItemProxy section */

/* Begin PBXFileReference section */
		1298B4FF242D9E28000721A4 /* Cards.json */ = {isa = PBXFileReference; fileEncoding = 4; lastKnownFileType = text.json; path = Cards.json; sourceTree = "<group>"; };
		1298B502242EE14A000721A4 /* Cards.swift */ = {isa = PBXFileReference; lastKnownFileType = sourcecode.swift; path = Cards.swift; sourceTree = "<group>"; };
		1298B504242EE20A000721A4 /* CardsModel.swift */ = {isa = PBXFileReference; lastKnownFileType = sourcecode.swift; path = CardsModel.swift; sourceTree = "<group>"; };
		1298B507242EE4EF000721A4 /* InAndOutContainer.swift */ = {isa = PBXFileReference; lastKnownFileType = sourcecode.swift; path = InAndOutContainer.swift; sourceTree = "<group>"; };
		1298B50A242EE658000721A4 /* ObservableValue.swift */ = {isa = PBXFileReference; lastKnownFileType = sourcecode.swift; path = ObservableValue.swift; sourceTree = "<group>"; };
		1298B50E242EE7DC000721A4 /* ObservableValueTests.swift */ = {isa = PBXFileReference; lastKnownFileType = sourcecode.swift; path = ObservableValueTests.swift; sourceTree = "<group>"; };
		12A717BE2427E891000936AC /* InOrOut.app */ = {isa = PBXFileReference; explicitFileType = wrapper.application; includeInIndex = 0; path = InOrOut.app; sourceTree = BUILT_PRODUCTS_DIR; };
		12A717C12427E891000936AC /* AppDelegate.swift */ = {isa = PBXFileReference; lastKnownFileType = sourcecode.swift; path = AppDelegate.swift; sourceTree = "<group>"; };
		12A717C32427E891000936AC /* SceneDelegate.swift */ = {isa = PBXFileReference; lastKnownFileType = sourcecode.swift; path = SceneDelegate.swift; sourceTree = "<group>"; };
		12A717C52427E891000936AC /* ViewController.swift */ = {isa = PBXFileReference; lastKnownFileType = sourcecode.swift; path = ViewController.swift; sourceTree = "<group>"; };
		12A717C82427E891000936AC /* Base */ = {isa = PBXFileReference; lastKnownFileType = file.storyboard; name = Base; path = Base.lproj/Main.storyboard; sourceTree = "<group>"; };
		12A717CA2427E892000936AC /* Assets.xcassets */ = {isa = PBXFileReference; lastKnownFileType = folder.assetcatalog; path = Assets.xcassets; sourceTree = "<group>"; };
		12A717CD2427E892000936AC /* Base */ = {isa = PBXFileReference; lastKnownFileType = file.storyboard; name = Base; path = Base.lproj/LaunchScreen.storyboard; sourceTree = "<group>"; };
		12A717CF2427E892000936AC /* Info.plist */ = {isa = PBXFileReference; lastKnownFileType = text.plist.xml; path = Info.plist; sourceTree = "<group>"; };
		12A717D42427E892000936AC /* InOrOutTests.xctest */ = {isa = PBXFileReference; explicitFileType = wrapper.cfbundle; includeInIndex = 0; path = InOrOutTests.xctest; sourceTree = BUILT_PRODUCTS_DIR; };
		12A717D82427E892000936AC /* InOrOutTests.swift */ = {isa = PBXFileReference; lastKnownFileType = sourcecode.swift; path = InOrOutTests.swift; sourceTree = "<group>"; };
		12A717DA2427E892000936AC /* Info.plist */ = {isa = PBXFileReference; lastKnownFileType = text.plist.xml; path = Info.plist; sourceTree = "<group>"; };
		12A717DF2427E892000936AC /* InOrOutUITests.xctest */ = {isa = PBXFileReference; explicitFileType = wrapper.cfbundle; includeInIndex = 0; path = InOrOutUITests.xctest; sourceTree = BUILT_PRODUCTS_DIR; };
		12A717E32427E892000936AC /* InOrOutUITests.swift */ = {isa = PBXFileReference; lastKnownFileType = sourcecode.swift; path = InOrOutUITests.swift; sourceTree = "<group>"; };
		12A717E52427E892000936AC /* Info.plist */ = {isa = PBXFileReference; lastKnownFileType = text.plist.xml; path = Info.plist; sourceTree = "<group>"; };
/* End PBXFileReference section */

/* Begin PBXFrameworksBuildPhase section */
		12A717BB2427E891000936AC /* Frameworks */ = {
			isa = PBXFrameworksBuildPhase;
			buildActionMask = 2147483647;
			files = (
			);
			runOnlyForDeploymentPostprocessing = 0;
		};
		12A717D12427E892000936AC /* Frameworks */ = {
			isa = PBXFrameworksBuildPhase;
			buildActionMask = 2147483647;
			files = (
			);
			runOnlyForDeploymentPostprocessing = 0;
		};
		12A717DC2427E892000936AC /* Frameworks */ = {
			isa = PBXFrameworksBuildPhase;
			buildActionMask = 2147483647;
			files = (
			);
			runOnlyForDeploymentPostprocessing = 0;
		};
/* End PBXFrameworksBuildPhase section */

/* Begin PBXGroup section */
		1298B501242EE10D000721A4 /* Model */ = {
			isa = PBXGroup;
			children = (
				1298B4FF242D9E28000721A4 /* Cards.json */,
				1298B502242EE14A000721A4 /* Cards.swift */,
				1298B504242EE20A000721A4 /* CardsModel.swift */,
			);
			path = Model;
			sourceTree = "<group>";
		};
		1298B506242EE48C000721A4 /* Container */ = {
			isa = PBXGroup;
			children = (
				1298B507242EE4EF000721A4 /* InAndOutContainer.swift */,
			);
			path = Container;
			sourceTree = "<group>";
		};
		1298B509242EE5E2000721A4 /* ObservableValue */ = {
			isa = PBXGroup;
			children = (
				1298B50A242EE658000721A4 /* ObservableValue.swift */,
			);
			path = ObservableValue;
			sourceTree = "<group>";
		};
		1298B50D242EE669000721A4 /* ObservableValue */ = {
			isa = PBXGroup;
			children = (
				1298B50E242EE7DC000721A4 /* ObservableValueTests.swift */,
			);
			path = ObservableValue;
			sourceTree = "<group>";
		};
		12A717B52427E891000936AC = {
			isa = PBXGroup;
			children = (
				12A717C02427E891000936AC /* InOrOut */,
				12A717D72427E892000936AC /* InOrOutTests */,
				12A717E22427E892000936AC /* InOrOutUITests */,
				12A717BF2427E891000936AC /* Products */,
			);
			sourceTree = "<group>";
		};
		12A717BF2427E891000936AC /* Products */ = {
			isa = PBXGroup;
			children = (
				12A717BE2427E891000936AC /* InOrOut.app */,
				12A717D42427E892000936AC /* InOrOutTests.xctest */,
				12A717DF2427E892000936AC /* InOrOutUITests.xctest */,
			);
			name = Products;
			sourceTree = "<group>";
		};
		12A717C02427E891000936AC /* InOrOut */ = {
			isa = PBXGroup;
			children = (
				12A717CF2427E892000936AC /* Info.plist */,
				12A717C12427E891000936AC /* AppDelegate.swift */,
				12A717C32427E891000936AC /* SceneDelegate.swift */,
				12A717C52427E891000936AC /* ViewController.swift */,
				12A717CA2427E892000936AC /* Assets.xcassets */,
				1298B506242EE48C000721A4 /* Container */,
				12A717CC2427E892000936AC /* LaunchScreen.storyboard */,
				12A717C72427E891000936AC /* Main.storyboard */,
				1298B501242EE10D000721A4 /* Model */,
				1298B509242EE5E2000721A4 /* ObservableValue */,
			);
			path = InOrOut;
			sourceTree = "<group>";
		};
		12A717D72427E892000936AC /* InOrOutTests */ = {
			isa = PBXGroup;
			children = (
				12A717DA2427E892000936AC /* Info.plist */,
				12A717D82427E892000936AC /* InOrOutTests.swift */,
				1298B50D242EE669000721A4 /* ObservableValue */,
			);
			path = InOrOutTests;
			sourceTree = "<group>";
		};
		12A717E22427E892000936AC /* InOrOutUITests */ = {
			isa = PBXGroup;
			children = (
				12A717E32427E892000936AC /* InOrOutUITests.swift */,
				12A717E52427E892000936AC /* Info.plist */,
			);
			path = InOrOutUITests;
			sourceTree = "<group>";
		};
/* End PBXGroup section */

/* Begin PBXNativeTarget section */
		12A717BD2427E891000936AC /* InOrOut */ = {
			isa = PBXNativeTarget;
			buildConfigurationList = 12A717E82427E892000936AC /* Build configuration list for PBXNativeTarget "InOrOut" */;
			buildPhases = (
				12A717BA2427E891000936AC /* Sources */,
				12A717BB2427E891000936AC /* Frameworks */,
				12A717BC2427E891000936AC /* Resources */,
			);
			buildRules = (
			);
			dependencies = (
			);
			name = InOrOut;
			productName = InOrOut;
			productReference = 12A717BE2427E891000936AC /* InOrOut.app */;
			productType = "com.apple.product-type.application";
		};
		12A717D32427E892000936AC /* InOrOutTests */ = {
			isa = PBXNativeTarget;
			buildConfigurationList = 12A717EB2427E892000936AC /* Build configuration list for PBXNativeTarget "InOrOutTests" */;
			buildPhases = (
				12A717D02427E892000936AC /* Sources */,
				12A717D12427E892000936AC /* Frameworks */,
				12A717D22427E892000936AC /* Resources */,
			);
			buildRules = (
			);
			dependencies = (
				12A717D62427E892000936AC /* PBXTargetDependency */,
			);
			name = InOrOutTests;
			productName = InOrOutTests;
			productReference = 12A717D42427E892000936AC /* InOrOutTests.xctest */;
			productType = "com.apple.product-type.bundle.unit-test";
		};
		12A717DE2427E892000936AC /* InOrOutUITests */ = {
			isa = PBXNativeTarget;
			buildConfigurationList = 12A717EE2427E892000936AC /* Build configuration list for PBXNativeTarget "InOrOutUITests" */;
			buildPhases = (
				12A717DB2427E892000936AC /* Sources */,
				12A717DC2427E892000936AC /* Frameworks */,
				12A717DD2427E892000936AC /* Resources */,
			);
			buildRules = (
			);
			dependencies = (
				12A717E12427E892000936AC /* PBXTargetDependency */,
			);
			name = InOrOutUITests;
			productName = InOrOutUITests;
			productReference = 12A717DF2427E892000936AC /* InOrOutUITests.xctest */;
			productType = "com.apple.product-type.bundle.ui-testing";
		};
/* End PBXNativeTarget section */

/* Begin PBXProject section */
		12A717B62427E891000936AC /* Project object */ = {
			isa = PBXProject;
			attributes = {
				LastSwiftUpdateCheck = 1130;
				LastUpgradeCheck = 1130;
				ORGANIZATIONNAME = "John Cheney";
				TargetAttributes = {
					12A717BD2427E891000936AC = {
						CreatedOnToolsVersion = 11.3;
					};
					12A717D32427E892000936AC = {
						CreatedOnToolsVersion = 11.3;
						TestTargetID = 12A717BD2427E891000936AC;
					};
					12A717DE2427E892000936AC = {
						CreatedOnToolsVersion = 11.3;
						TestTargetID = 12A717BD2427E891000936AC;
					};
				};
			};
			buildConfigurationList = 12A717B92427E891000936AC /* Build configuration list for PBXProject "InOrOut" */;
			compatibilityVersion = "Xcode 9.3";
			developmentRegion = en;
			hasScannedForEncodings = 0;
			knownRegions = (
				en,
				Base,
			);
			mainGroup = 12A717B52427E891000936AC;
			productRefGroup = 12A717BF2427E891000936AC /* Products */;
			projectDirPath = "";
			projectRoot = "";
			targets = (
				12A717BD2427E891000936AC /* InOrOut */,
				12A717D32427E892000936AC /* InOrOutTests */,
				12A717DE2427E892000936AC /* InOrOutUITests */,
			);
		};
/* End PBXProject section */

/* Begin PBXResourcesBuildPhase section */
		12A717BC2427E891000936AC /* Resources */ = {
			isa = PBXResourcesBuildPhase;
			buildActionMask = 2147483647;
			files = (
				1298B500242D9E28000721A4 /* Cards.json in Resources */,
				12A717CE2427E892000936AC /* LaunchScreen.storyboard in Resources */,
				12A717CB2427E892000936AC /* Assets.xcassets in Resources */,
				12A717C92427E891000936AC /* Main.storyboard in Resources */,
			);
			runOnlyForDeploymentPostprocessing = 0;
		};
		12A717D22427E892000936AC /* Resources */ = {
			isa = PBXResourcesBuildPhase;
			buildActionMask = 2147483647;
			files = (
			);
			runOnlyForDeploymentPostprocessing = 0;
		};
		12A717DD2427E892000936AC /* Resources */ = {
			isa = PBXResourcesBuildPhase;
			buildActionMask = 2147483647;
			files = (
			);
			runOnlyForDeploymentPostprocessing = 0;
		};
/* End PBXResourcesBuildPhase section */

/* Begin PBXSourcesBuildPhase section */
		12A717BA2427E891000936AC /* Sources */ = {
			isa = PBXSourcesBuildPhase;
			buildActionMask = 2147483647;
			files = (
				1298B505242EE20A000721A4 /* CardsModel.swift in Sources */,
				1298B50B242EE658000721A4 /* ObservableValue.swift in Sources */,
				12A717C62427E891000936AC /* ViewController.swift in Sources */,
				12A717C22427E891000936AC /* AppDelegate.swift in Sources */,
				1298B508242EE4EF000721A4 /* InAndOutContainer.swift in Sources */,
				12A717C42427E891000936AC /* SceneDelegate.swift in Sources */,
				1298B503242EE14A000721A4 /* Cards.swift in Sources */,
			);
			runOnlyForDeploymentPostprocessing = 0;
		};
		12A717D02427E892000936AC /* Sources */ = {
			isa = PBXSourcesBuildPhase;
			buildActionMask = 2147483647;
			files = (
				1298B50F242EE7DC000721A4 /* ObservableValueTests.swift in Sources */,
				12A717D92427E892000936AC /* InOrOutTests.swift in Sources */,
			);
			runOnlyForDeploymentPostprocessing = 0;
		};
		12A717DB2427E892000936AC /* Sources */ = {
			isa = PBXSourcesBuildPhase;
			buildActionMask = 2147483647;
			files = (
				12A717E42427E892000936AC /* InOrOutUITests.swift in Sources */,
			);
			runOnlyForDeploymentPostprocessing = 0;
		};
/* End PBXSourcesBuildPhase section */

/* Begin PBXTargetDependency section */
		12A717D62427E892000936AC /* PBXTargetDependency */ = {
			isa = PBXTargetDependency;
			target = 12A717BD2427E891000936AC /* InOrOut */;
			targetProxy = 12A717D52427E892000936AC /* PBXContainerItemProxy */;
		};
		12A717E12427E892000936AC /* PBXTargetDependency */ = {
			isa = PBXTargetDependency;
			target = 12A717BD2427E891000936AC /* InOrOut */;
			targetProxy = 12A717E02427E892000936AC /* PBXContainerItemProxy */;
		};
/* End PBXTargetDependency section */

/* Begin PBXVariantGroup section */
		12A717C72427E891000936AC /* Main.storyboard */ = {
			isa = PBXVariantGroup;
			children = (
				12A717C82427E891000936AC /* Base */,
			);
			name = Main.storyboard;
			sourceTree = "<group>";
		};
		12A717CC2427E892000936AC /* LaunchScreen.storyboard */ = {
			isa = PBXVariantGroup;
			children = (
				12A717CD2427E892000936AC /* Base */,
			);
			name = LaunchScreen.storyboard;
			sourceTree = "<group>";
		};
/* End PBXVariantGroup section */

/* Begin XCBuildConfiguration section */
		12A717E62427E892000936AC /* Debug */ = {
			isa = XCBuildConfiguration;
			buildSettings = {
				ALWAYS_SEARCH_USER_PATHS = NO;
				CLANG_ANALYZER_NONNULL = YES;
				CLANG_ANALYZER_NUMBER_OBJECT_CONVERSION = YES_AGGRESSIVE;
				CLANG_CXX_LANGUAGE_STANDARD = "gnu++14";
				CLANG_CXX_LIBRARY = "libc++";
				CLANG_ENABLE_MODULES = YES;
				CLANG_ENABLE_OBJC_ARC = YES;
				CLANG_ENABLE_OBJC_WEAK = YES;
				CLANG_WARN_BLOCK_CAPTURE_AUTORELEASING = YES;
				CLANG_WARN_BOOL_CONVERSION = YES;
				CLANG_WARN_COMMA = YES;
				CLANG_WARN_CONSTANT_CONVERSION = YES;
				CLANG_WARN_DEPRECATED_OBJC_IMPLEMENTATIONS = YES;
				CLANG_WARN_DIRECT_OBJC_ISA_USAGE = YES_ERROR;
				CLANG_WARN_DOCUMENTATION_COMMENTS = YES;
				CLANG_WARN_EMPTY_BODY = YES;
				CLANG_WARN_ENUM_CONVERSION = YES;
				CLANG_WARN_INFINITE_RECURSION = YES;
				CLANG_WARN_INT_CONVERSION = YES;
				CLANG_WARN_NON_LITERAL_NULL_CONVERSION = YES;
				CLANG_WARN_OBJC_IMPLICIT_RETAIN_SELF = YES;
				CLANG_WARN_OBJC_LITERAL_CONVERSION = YES;
				CLANG_WARN_OBJC_ROOT_CLASS = YES_ERROR;
				CLANG_WARN_RANGE_LOOP_ANALYSIS = YES;
				CLANG_WARN_STRICT_PROTOTYPES = YES;
				CLANG_WARN_SUSPICIOUS_MOVE = YES;
				CLANG_WARN_UNGUARDED_AVAILABILITY = YES_AGGRESSIVE;
				CLANG_WARN_UNREACHABLE_CODE = YES;
				CLANG_WARN__DUPLICATE_METHOD_MATCH = YES;
				COPY_PHASE_STRIP = NO;
				DEBUG_INFORMATION_FORMAT = dwarf;
				ENABLE_STRICT_OBJC_MSGSEND = YES;
				ENABLE_TESTABILITY = YES;
				GCC_C_LANGUAGE_STANDARD = gnu11;
				GCC_DYNAMIC_NO_PIC = NO;
				GCC_NO_COMMON_BLOCKS = YES;
				GCC_OPTIMIZATION_LEVEL = 0;
				GCC_PREPROCESSOR_DEFINITIONS = (
					"DEBUG=1",
					"$(inherited)",
				);
				GCC_WARN_64_TO_32_BIT_CONVERSION = YES;
				GCC_WARN_ABOUT_RETURN_TYPE = YES_ERROR;
				GCC_WARN_UNDECLARED_SELECTOR = YES;
				GCC_WARN_UNINITIALIZED_AUTOS = YES_AGGRESSIVE;
				GCC_WARN_UNUSED_FUNCTION = YES;
				GCC_WARN_UNUSED_VARIABLE = YES;
				IPHONEOS_DEPLOYMENT_TARGET = 13.2;
				MTL_ENABLE_DEBUG_INFO = INCLUDE_SOURCE;
				MTL_FAST_MATH = YES;
				ONLY_ACTIVE_ARCH = YES;
				SDKROOT = iphoneos;
				SWIFT_ACTIVE_COMPILATION_CONDITIONS = DEBUG;
				SWIFT_OPTIMIZATION_LEVEL = "-Onone";
			};
			name = Debug;
		};
		12A717E72427E892000936AC /* Release */ = {
			isa = XCBuildConfiguration;
			buildSettings = {
				ALWAYS_SEARCH_USER_PATHS = NO;
				CLANG_ANALYZER_NONNULL = YES;
				CLANG_ANALYZER_NUMBER_OBJECT_CONVERSION = YES_AGGRESSIVE;
				CLANG_CXX_LANGUAGE_STANDARD = "gnu++14";
				CLANG_CXX_LIBRARY = "libc++";
				CLANG_ENABLE_MODULES = YES;
				CLANG_ENABLE_OBJC_ARC = YES;
				CLANG_ENABLE_OBJC_WEAK = YES;
				CLANG_WARN_BLOCK_CAPTURE_AUTORELEASING = YES;
				CLANG_WARN_BOOL_CONVERSION = YES;
				CLANG_WARN_COMMA = YES;
				CLANG_WARN_CONSTANT_CONVERSION = YES;
				CLANG_WARN_DEPRECATED_OBJC_IMPLEMENTATIONS = YES;
				CLANG_WARN_DIRECT_OBJC_ISA_USAGE = YES_ERROR;
				CLANG_WARN_DOCUMENTATION_COMMENTS = YES;
				CLANG_WARN_EMPTY_BODY = YES;
				CLANG_WARN_ENUM_CONVERSION = YES;
				CLANG_WARN_INFINITE_RECURSION = YES;
				CLANG_WARN_INT_CONVERSION = YES;
				CLANG_WARN_NON_LITERAL_NULL_CONVERSION = YES;
				CLANG_WARN_OBJC_IMPLICIT_RETAIN_SELF = YES;
				CLANG_WARN_OBJC_LITERAL_CONVERSION = YES;
				CLANG_WARN_OBJC_ROOT_CLASS = YES_ERROR;
				CLANG_WARN_RANGE_LOOP_ANALYSIS = YES;
				CLANG_WARN_STRICT_PROTOTYPES = YES;
				CLANG_WARN_SUSPICIOUS_MOVE = YES;
				CLANG_WARN_UNGUARDED_AVAILABILITY = YES_AGGRESSIVE;
				CLANG_WARN_UNREACHABLE_CODE = YES;
				CLANG_WARN__DUPLICATE_METHOD_MATCH = YES;
				COPY_PHASE_STRIP = NO;
				DEBUG_INFORMATION_FORMAT = "dwarf-with-dsym";
				ENABLE_NS_ASSERTIONS = NO;
				ENABLE_STRICT_OBJC_MSGSEND = YES;
				GCC_C_LANGUAGE_STANDARD = gnu11;
				GCC_NO_COMMON_BLOCKS = YES;
				GCC_WARN_64_TO_32_BIT_CONVERSION = YES;
				GCC_WARN_ABOUT_RETURN_TYPE = YES_ERROR;
				GCC_WARN_UNDECLARED_SELECTOR = YES;
				GCC_WARN_UNINITIALIZED_AUTOS = YES_AGGRESSIVE;
				GCC_WARN_UNUSED_FUNCTION = YES;
				GCC_WARN_UNUSED_VARIABLE = YES;
				IPHONEOS_DEPLOYMENT_TARGET = 13.2;
				MTL_ENABLE_DEBUG_INFO = NO;
				MTL_FAST_MATH = YES;
				SDKROOT = iphoneos;
				SWIFT_COMPILATION_MODE = wholemodule;
				SWIFT_OPTIMIZATION_LEVEL = "-O";
				VALIDATE_PRODUCT = YES;
			};
			name = Release;
		};
		12A717E92427E892000936AC /* Debug */ = {
			isa = XCBuildConfiguration;
			buildSettings = {
				ASSETCATALOG_COMPILER_APPICON_NAME = AppIcon;
				CODE_SIGN_STYLE = Automatic;
				DEVELOPMENT_TEAM = 226VD46MFJ;
				INFOPLIST_FILE = InOrOut/Info.plist;
				LD_RUNPATH_SEARCH_PATHS = (
					"$(inherited)",
					"@executable_path/Frameworks",
				);
				PRODUCT_BUNDLE_IDENTIFIER = com.wizz.InOrOut;
				PRODUCT_NAME = "$(TARGET_NAME)";
				SWIFT_VERSION = 5.0;
				TARGETED_DEVICE_FAMILY = "1,2";
			};
			name = Debug;
		};
		12A717EA2427E892000936AC /* Release */ = {
			isa = XCBuildConfiguration;
			buildSettings = {
				ASSETCATALOG_COMPILER_APPICON_NAME = AppIcon;
				CODE_SIGN_STYLE = Automatic;
				DEVELOPMENT_TEAM = 226VD46MFJ;
				INFOPLIST_FILE = InOrOut/Info.plist;
				LD_RUNPATH_SEARCH_PATHS = (
					"$(inherited)",
					"@executable_path/Frameworks",
				);
				PRODUCT_BUNDLE_IDENTIFIER = com.wizz.InOrOut;
				PRODUCT_NAME = "$(TARGET_NAME)";
				SWIFT_VERSION = 5.0;
				TARGETED_DEVICE_FAMILY = "1,2";
			};
			name = Release;
		};
		12A717EC2427E892000936AC /* Debug */ = {
			isa = XCBuildConfiguration;
			buildSettings = {
				ALWAYS_EMBED_SWIFT_STANDARD_LIBRARIES = YES;
				BUNDLE_LOADER = "$(TEST_HOST)";
				CODE_SIGN_STYLE = Automatic;
				DEVELOPMENT_TEAM = 226VD46MFJ;
				INFOPLIST_FILE = InOrOutTests/Info.plist;
				IPHONEOS_DEPLOYMENT_TARGET = 13.2;
				LD_RUNPATH_SEARCH_PATHS = (
					"$(inherited)",
					"@executable_path/Frameworks",
					"@loader_path/Frameworks",
				);
				PRODUCT_BUNDLE_IDENTIFIER = com.wizz.InOrOutTests;
				PRODUCT_NAME = "$(TARGET_NAME)";
				SWIFT_VERSION = 5.0;
				TARGETED_DEVICE_FAMILY = "1,2";
				TEST_HOST = "$(BUILT_PRODUCTS_DIR)/InOrOut.app/InOrOut";
			};
			name = Debug;
		};
		12A717ED2427E892000936AC /* Release */ = {
			isa = XCBuildConfiguration;
			buildSettings = {
				ALWAYS_EMBED_SWIFT_STANDARD_LIBRARIES = YES;
				BUNDLE_LOADER = "$(TEST_HOST)";
				CODE_SIGN_STYLE = Automatic;
				DEVELOPMENT_TEAM = 226VD46MFJ;
				INFOPLIST_FILE = InOrOutTests/Info.plist;
				IPHONEOS_DEPLOYMENT_TARGET = 13.2;
				LD_RUNPATH_SEARCH_PATHS = (
					"$(inherited)",
					"@executable_path/Frameworks",
					"@loader_path/Frameworks",
				);
				PRODUCT_BUNDLE_IDENTIFIER = com.wizz.InOrOutTests;
				PRODUCT_NAME = "$(TARGET_NAME)";
				SWIFT_VERSION = 5.0;
				TARGETED_DEVICE_FAMILY = "1,2";
				TEST_HOST = "$(BUILT_PRODUCTS_DIR)/InOrOut.app/InOrOut";
			};
			name = Release;
		};
		12A717EF2427E892000936AC /* Debug */ = {
			isa = XCBuildConfiguration;
			buildSettings = {
				ALWAYS_EMBED_SWIFT_STANDARD_LIBRARIES = YES;
				CODE_SIGN_STYLE = Automatic;
				DEVELOPMENT_TEAM = 226VD46MFJ;
				INFOPLIST_FILE = InOrOutUITests/Info.plist;
				LD_RUNPATH_SEARCH_PATHS = (
					"$(inherited)",
					"@executable_path/Frameworks",
					"@loader_path/Frameworks",
				);
				PRODUCT_BUNDLE_IDENTIFIER = com.wizz.InOrOutUITests;
				PRODUCT_NAME = "$(TARGET_NAME)";
				SWIFT_VERSION = 5.0;
				TARGETED_DEVICE_FAMILY = "1,2";
				TEST_TARGET_NAME = InOrOut;
			};
			name = Debug;
		};
		12A717F02427E892000936AC /* Release */ = {
			isa = XCBuildConfiguration;
			buildSettings = {
				ALWAYS_EMBED_SWIFT_STANDARD_LIBRARIES = YES;
				CODE_SIGN_STYLE = Automatic;
				DEVELOPMENT_TEAM = 226VD46MFJ;
				INFOPLIST_FILE = InOrOutUITests/Info.plist;
				LD_RUNPATH_SEARCH_PATHS = (
					"$(inherited)",
					"@executable_path/Frameworks",
					"@loader_path/Frameworks",
				);
				PRODUCT_BUNDLE_IDENTIFIER = com.wizz.InOrOutUITests;
				PRODUCT_NAME = "$(TARGET_NAME)";
				SWIFT_VERSION = 5.0;
				TARGETED_DEVICE_FAMILY = "1,2";
				TEST_TARGET_NAME = InOrOut;
			};
			name = Release;
		};
/* End XCBuildConfiguration section */

/* Begin XCConfigurationList section */
		12A717B92427E891000936AC /* Build configuration list for PBXProject "InOrOut" */ = {
			isa = XCConfigurationList;
			buildConfigurations = (
				12A717E62427E892000936AC /* Debug */,
				12A717E72427E892000936AC /* Release */,
			);
			defaultConfigurationIsVisible = 0;
			defaultConfigurationName = Release;
		};
		12A717E82427E892000936AC /* Build configuration list for PBXNativeTarget "InOrOut" */ = {
			isa = XCConfigurationList;
			buildConfigurations = (
				12A717E92427E892000936AC /* Debug */,
				12A717EA2427E892000936AC /* Release */,
			);
			defaultConfigurationIsVisible = 0;
			defaultConfigurationName = Release;
		};
		12A717EB2427E892000936AC /* Build configuration list for PBXNativeTarget "InOrOutTests" */ = {
			isa = XCConfigurationList;
			buildConfigurations = (
				12A717EC2427E892000936AC /* Debug */,
				12A717ED2427E892000936AC /* Release */,
			);
			defaultConfigurationIsVisible = 0;
			defaultConfigurationName = Release;
		};
		12A717EE2427E892000936AC /* Build configuration list for PBXNativeTarget "InOrOutUITests" */ = {
			isa = XCConfigurationList;
			buildConfigurations = (
				12A717EF2427E892000936AC /* Debug */,
				12A717F02427E892000936AC /* Release */,
			);
			defaultConfigurationIsVisible = 0;
			defaultConfigurationName = Release;
		};
/* End XCConfigurationList section */
	};
	rootObject = 12A717B62427E891000936AC /* Project object */;
}
